
Microsoft Visual Studio Solution File, Format Version 12.00
# Visual Studio Version 16
VisualStudioVersion = 16.0.30907.101
MinimumVisualStudioVersion = 10.0.40219.1
Project("{9A19103F-16F7-4668-BE54-9A1E7A4F7556}") = "WPF-FirstWPFApplication", "WPF-FirstWPFApplication\WPF-FirstWPFApplication.csproj", "{BA1B59AA-D6B8-435D-8E18-4B6485D1CA5C}"
EndProject
Project("{9A19103F-16F7-4668-BE54-9A1E7A4F7556}") = "JSON_Pokemon", "JSON_Pokemon\JSON_Pokemon.csproj", "{A4BE85EE-8DD5-4642-B524-9D07ABB11C08}"
EndProject
Project("{FAE04EC0-301F-11D3-BF4B-00C04F79EFBC}") = "Classes3", "Classes3\Classes3.csproj", "{19ECFC38-FB6C-4955-956A-6E5973C1DE55}"
EndProject
Global
	GlobalSection(SolutionConfigurationPlatforms) = preSolution
		Debug|Any CPU = Debug|Any CPU
		Release|Any CPU = Release|Any CPU
	EndGlobalSection
	GlobalSection(ProjectConfigurationPlatforms) = postSolution
		{BA1B59AA-D6B8-435D-8E18-4B6485D1CA5C}.Debug|Any CPU.ActiveCfg = Debug|Any CPU
		{BA1B59AA-D6B8-435D-8E18-4B6485D1CA5C}.Debug|Any CPU.Build.0 = Debug|Any CPU
		{BA1B59AA-D6B8-435D-8E18-4B6485D1CA5C}.Release|Any CPU.ActiveCfg = Release|Any CPU
		{BA1B59AA-D6B8-435D-8E18-4B6485D1CA5C}.Release|Any CPU.Build.0 = Release|Any CPU
		{A4BE85EE-8DD5-4642-B524-9D07ABB11C08}.Debug|Any CPU.ActiveCfg = Debug|Any CPU
		{A4BE85EE-8DD5-4642-B524-9D07ABB11C08}.Debug|Any CPU.Build.0 = Debug|Any CPU
		{A4BE85EE-8DD5-4642-B524-9D07ABB11C08}.Release|Any CPU.ActiveCfg = Release|Any CPU
		{A4BE85EE-8DD5-4642-B524-9D07ABB11C08}.Release|Any CPU.Build.0 = Release|Any CPU
		{19ECFC38-FB6C-4955-956A-6E5973C1DE55}.Debug|Any CPU.ActiveCfg = Debug|Any CPU
		{19ECFC38-FB6C-4955-956A-6E5973C1DE55}.Debug|Any CPU.Build.0 = Debug|Any CPU
		{19ECFC38-FB6C-4955-956A-6E5973C1DE55}.Release|Any CPU.ActiveCfg = Release|Any CPU
		{19ECFC38-FB6C-4955-956A-6E5973C1DE55}.Release|Any CPU.Build.0 = Release|Any CPU
	EndGlobalSection
	GlobalSection(SolutionProperties) = preSolution
		HideSolutionNode = FALSE
	EndGlobalSection
	GlobalSection(ExtensibilityGlobals) = postSolution
		SolutionGuid = {FF985B22-910E-4D00-8193-F4E52BE5A85F}
	EndGlobalSection
EndGlobal
