
Microsoft Visual Studio Solution File, Format Version 12.00
# Visual Studio Version 16
VisualStudioVersion = 16.0.30907.101
MinimumVisualStudioVersion = 10.0.40219.1
Project("{9A19103F-16F7-4668-BE54-9A1E7A4F7556}") = "WPF_FirstApplication", "WPF_FirstApplication\WPF_FirstApplication.csproj", "{5172EC2D-9BFC-4885-A2F1-AB50AE864944}"
EndProject
Project("{9A19103F-16F7-4668-BE54-9A1E7A4F7556}") = "WPF_Classes", "WPF_Classes\WPF_Classes.csproj", "{2F8F43C1-3DC4-4D41-9935-67E754A565B2}"
EndProject
Project("{FAE04EC0-301F-11D3-BF4B-00C04F79EFBC}") = "WPF_JSON-RickAndMorty", "WPF_JSON-RickAndMorty\WPF_JSON-RickAndMorty.csproj", "{2C31467C-7BA3-489E-BBBA-46C40B84C6A1}"
EndProject
Global
	GlobalSection(SolutionConfigurationPlatforms) = preSolution
		Debug|Any CPU = Debug|Any CPU
		Release|Any CPU = Release|Any CPU
	EndGlobalSection
	GlobalSection(ProjectConfigurationPlatforms) = postSolution
		{5172EC2D-9BFC-4885-A2F1-AB50AE864944}.Debug|Any CPU.ActiveCfg = Debug|Any CPU
		{5172EC2D-9BFC-4885-A2F1-AB50AE864944}.Debug|Any CPU.Build.0 = Debug|Any CPU
		{5172EC2D-9BFC-4885-A2F1-AB50AE864944}.Release|Any CPU.ActiveCfg = Release|Any CPU
		{5172EC2D-9BFC-4885-A2F1-AB50AE864944}.Release|Any CPU.Build.0 = Release|Any CPU
		{2F8F43C1-3DC4-4D41-9935-67E754A565B2}.Debug|Any CPU.ActiveCfg = Debug|Any CPU
		{2F8F43C1-3DC4-4D41-9935-67E754A565B2}.Debug|Any CPU.Build.0 = Debug|Any CPU
		{2F8F43C1-3DC4-4D41-9935-67E754A565B2}.Release|Any CPU.ActiveCfg = Release|Any CPU
		{2F8F43C1-3DC4-4D41-9935-67E754A565B2}.Release|Any CPU.Build.0 = Release|Any CPU
		{2C31467C-7BA3-489E-BBBA-46C40B84C6A1}.Debug|Any CPU.ActiveCfg = Debug|Any CPU
		{2C31467C-7BA3-489E-BBBA-46C40B84C6A1}.Debug|Any CPU.Build.0 = Debug|Any CPU
		{2C31467C-7BA3-489E-BBBA-46C40B84C6A1}.Release|Any CPU.ActiveCfg = Release|Any CPU
		{2C31467C-7BA3-489E-BBBA-46C40B84C6A1}.Release|Any CPU.Build.0 = Release|Any CPU
	EndGlobalSection
	GlobalSection(SolutionProperties) = preSolution
		HideSolutionNode = FALSE
	EndGlobalSection
	GlobalSection(ExtensibilityGlobals) = postSolution
		SolutionGuid = {8598B1FD-66F0-494B-AE06-18B7E193D74B}
	EndGlobalSection
EndGlobal
